# This file is automatically @generated by Poetry 2.1.3 and should not be changed by hand.

[[package]]
name = "pyqt5"
version = "5.15.11"
description = "Python bindings for the Qt cross platform application toolkit"
optional = false
python-versions = ">=3.8"
groups = ["main"]
files = [
    {file = "PyQt5-5.15.11-cp38-abi3-macosx_11_0_arm64.whl", hash = "sha256:c8b03dd9380bb13c804f0bdb0f4956067f281785b5e12303d529f0462f9afdc2"},
    {file = "PyQt5-5.15.11-cp38-abi3-macosx_11_0_x86_64.whl", hash = "sha256:6cd75628f6e732b1ffcfe709ab833a0716c0445d7aec8046a48d5843352becb6"},
    {file = "PyQt5-5.15.11-cp38-abi3-manylinux_2_17_x86_64.whl", hash = "sha256:cd672a6738d1ae33ef7d9efa8e6cb0a1525ecf53ec86da80a9e1b6ec38c8d0f1"},
    {file = "PyQt5-5.15.11-cp38-abi3-win32.whl", hash = "sha256:76be0322ceda5deecd1708a8d628e698089a1cea80d1a49d242a6d579a40babd"},
    {file = "PyQt5-5.15.11-cp38-abi3-win_amd64.whl", hash = "sha256:bdde598a3bb95022131a5c9ea62e0a96bd6fb28932cc1619fd7ba211531b7517"},
    {file = "PyQt5-5.15.11.tar.gz", hash = "sha256:fda45743ebb4a27b4b1a51c6d8ef455c4c1b5d610c90d2934c7802b5c1557c52"},
]

[package.dependencies]
PyQt5-Qt5 = ">=5.15.2,<5.16.0"
PyQt5-sip = ">=12.15,<13"

[[package]]
name = "pyqt5-qt5"
version = "5.15.17"
description = "The subset of a Qt installation needed by PyQt5."
optional = false
python-versions = "*"
groups = ["main"]
files = [
    {file = "PyQt5_Qt5-5.15.17-py3-none-macosx_10_13_x86_64.whl", hash = "sha256:d8b8094108e748b4bbd315737cfed81291d2d228de43278f0b8bd7d2b808d2b9"},
    {file = "PyQt5_Qt5-5.15.17-py3-none-macosx_11_0_arm64.whl", hash = "sha256:b68628f9b8261156f91d2f72ebc8dfb28697c4b83549245d9a68195bd2d74f0c"},
    {file = "PyQt5_Qt5-5.15.17-py3-none-manylinux2014_x86_64.whl", hash = "sha256:b018f75d1cc61146396fa5af14da1db77c5d6318030e5e366f09ffdf7bd358d8"},
]

[[package]]
name = "pyqt5-sip"
version = "12.17.0"
description = "The sip module support for PyQt5"
optional = false
python-versions = ">=3.9"
groups = ["main"]
files = [
    {file = "PyQt5_sip-12.17.0-cp310-cp310-macosx_10_9_universal2.whl", hash = "sha256:ec47914cc751608e587c1c2fdabeaf4af7fdc28b9f62796c583bea01c1a1aa3e"},
    {file = "PyQt5_sip-12.17.0-cp310-cp310-manylinux_2_5_x86_64.manylinux1_x86_64.whl", hash = "sha256:2f2a8dcc7626fe0da73a0918e05ce2460c7a14ddc946049310e6e35052105434"},
    {file = "PyQt5_sip-12.17.0-cp310-cp310-win32.whl", hash = "sha256:0c75d28b8282be3c1d7dbc76950d6e6eba1e334783224e9b9835ce1a9c64f482"},
    {file = "PyQt5_sip-12.17.0-cp310-cp310-win_amd64.whl", hash = "sha256:8c4bc535bae0dfa764e8534e893619fe843ce5a2e25f901c439bcb960114f686"},
    {file = "PyQt5_sip-12.17.0-cp311-cp311-macosx_10_9_universal2.whl", hash = "sha256:2c912807dd638644168ea8c7a447bfd9d85a19471b98c2c588c4d2e911c09b0a"},
    {file = "PyQt5_sip-12.17.0-cp311-cp311-manylinux_2_5_x86_64.manylinux1_x86_64.whl", hash = "sha256:71514a7d43b44faa1d65a74ad2c5da92c03a251bdc749f009c313f06cceacc9a"},
    {file = "PyQt5_sip-12.17.0-cp311-cp311-win32.whl", hash = "sha256:023466ae96f72fbb8419b44c3f97475de6642fa5632520d0f50fc1a52a3e8200"},
    {file = "PyQt5_sip-12.17.0-cp311-cp311-win_amd64.whl", hash = "sha256:fb565469d08dcb0a427def0c45e722323beb62db79454260482b6948bfd52d47"},
    {file = "PyQt5_sip-12.17.0-cp312-cp312-macosx_10_9_universal2.whl", hash = "sha256:ea08341c8a5da00c81df0d689ecd4ee47a95e1ecad9e362581c92513f2068005"},
    {file = "PyQt5_sip-12.17.0-cp312-cp312-manylinux_2_5_x86_64.manylinux1_x86_64.whl", hash = "sha256:4a92478d6808040fbe614bb61500fbb3f19f72714b99369ec28d26a7e3494115"},
    {file = "PyQt5_sip-12.17.0-cp312-cp312-win32.whl", hash = "sha256:b0ff280b28813e9bfd3a4de99490739fc29b776dc48f1c849caca7239a10fc8b"},
    {file = "PyQt5_sip-12.17.0-cp312-cp312-win_amd64.whl", hash = "sha256:54c31de7706d8a9a8c0fc3ea2c70468aba54b027d4974803f8eace9c22aad41c"},
    {file = "PyQt5_sip-12.17.0-cp313-cp313-macosx_10_13_universal2.whl", hash = "sha256:c7a7ff355e369616b6bcb41d45b742327c104b2bf1674ec79b8d67f8f2fa9543"},
    {file = "PyQt5_sip-12.17.0-cp313-cp313-manylinux_2_5_x86_64.manylinux1_x86_64.whl", hash = "sha256:419b9027e92b0b707632c370cfc6dc1f3b43c6313242fc4db57a537029bd179c"},
    {file = "PyQt5_sip-12.17.0-cp313-cp313-win32.whl", hash = "sha256:351beab964a19f5671b2a3e816ecf4d3543a99a7e0650f88a947fea251a7589f"},
    {file = "PyQt5_sip-12.17.0-cp313-cp313-win_amd64.whl", hash = "sha256:672c209d05661fab8e17607c193bf43991d268a1eefbc2c4551fbf30fd8bb2ca"},
    {file = "PyQt5_sip-12.17.0-cp39-cp39-macosx_10_9_universal2.whl", hash = "sha256:d65a9c1b4cbbd8e856254609f56e897d2cb5c903f77b75fb720cb3a32c76b92b"},
    {file = "PyQt5_sip-12.17.0-cp39-cp39-manylinux_2_5_x86_64.manylinux1_x86_64.whl", hash = "sha256:32b03e7e77ecd7b4119eba486b0706fa59b490bcceb585f9b6ddec8a582082db"},
    {file = "PyQt5_sip-12.17.0-cp39-cp39-win32.whl", hash = "sha256:5b6c734f4ad28f3defac4890ed747d391d246af279200935d49953bc7d915b8c"},
    {file = "PyQt5_sip-12.17.0-cp39-cp39-win_amd64.whl", hash = "sha256:855e8f5787d57e26a48d8c3de1220a8e92ab83be8d73966deac62fdae03ea2f9"},
    {file = "pyqt5_sip-12.17.0.tar.gz", hash = "sha256:682dadcdbd2239af9fdc0c0628e2776b820e128bec88b49b8d692fe682f90b4f"},
]

[[package]]
name = "python-dotenv"
version = "1.1.1"
description = "Read key-value pairs from a .env file and set them as environment variables"
optional = false
python-versions = ">=3.9"
groups = ["main"]
files = [
    {file = "python_dotenv-1.1.1-py3-none-any.whl", hash = "sha256:31f23644fe2602f88ff55e1f5c79ba497e01224ee7737937930c448e4d0e24dc"},
    {file = "python_dotenv-1.1.1.tar.gz", hash = "sha256:a8a6399716257f45be6a007360200409fce5cda2661e3dec71d23dc15f6189ab"},
]

[package.extras]
cli = ["click (>=5.0)"]

[[package]]
name = "ruff"
version = "0.12.11"
description = "An extremely fast Python linter and code formatter, written in Rust."
optional = false
python-versions = ">=3.7"
groups = ["main"]
files = [
    {file = "ruff-0.12.11-py3-none-linux_armv6l.whl", hash = "sha256:93fce71e1cac3a8bf9200e63a38ac5c078f3b6baebffb74ba5274fb2ab276065"},
    {file = "ruff-0.12.11-py3-none-macosx_10_12_x86_64.whl", hash = "sha256:b8e33ac7b28c772440afa80cebb972ffd823621ded90404f29e5ab6d1e2d4b93"},
    {file = "ruff-0.12.11-py3-none-macosx_11_0_arm64.whl", hash = "sha256:d69fb9d4937aa19adb2e9f058bc4fbfe986c2040acb1a4a9747734834eaa0bfd"},
    {file = "ruff-0.12.11-py3-none-manylinux_2_17_aarch64.manylinux2014_aarch64.whl", hash = "sha256:411954eca8464595077a93e580e2918d0a01a19317af0a72132283e28ae21bee"},
    {file = "ruff-0.12.11-py3-none-manylinux_2_17_armv7l.manylinux2014_armv7l.whl", hash = "sha256:6a2c0a2e1a450f387bf2c6237c727dd22191ae8c00e448e0672d624b2bbd7fb0"},
    {file = "ruff-0.12.11-py3-none-manylinux_2_17_i686.manylinux2014_i686.whl", hash = "sha256:8ca4c3a7f937725fd2413c0e884b5248a19369ab9bdd850b5781348ba283f644"},
    {file = "ruff-0.12.11-py3-none-manylinux_2_17_ppc64.manylinux2014_ppc64.whl", hash = "sha256:4d1df0098124006f6a66ecf3581a7f7e754c4df7644b2e6704cd7ca80ff95211"},
    {file = "ruff-0.12.11-py3-none-manylinux_2_17_ppc64le.manylinux2014_ppc64le.whl", hash = "sha256:5a8dd5f230efc99a24ace3b77e3555d3fbc0343aeed3fc84c8d89e75ab2ff793"},
    {file = "ruff-0.12.11-py3-none-manylinux_2_17_s390x.manylinux2014_s390x.whl", hash = "sha256:4dc75533039d0ed04cd33fb8ca9ac9620b99672fe7ff1533b6402206901c34ee"},
    {file = "ruff-0.12.11-py3-none-manylinux_2_17_x86_64.manylinux2014_x86_64.whl", hash = "sha256:4fc58f9266d62c6eccc75261a665f26b4ef64840887fc6cbc552ce5b29f96cc8"},
    {file = "ruff-0.12.11-py3-none-manylinux_2_31_riscv64.whl", hash = "sha256:5a0113bd6eafd545146440225fe60b4e9489f59eb5f5f107acd715ba5f0b3d2f"},
    {file = "ruff-0.12.11-py3-none-musllinux_1_2_aarch64.whl", hash = "sha256:0d737b4059d66295c3ea5720e6efc152623bb83fde5444209b69cd33a53e2000"},
    {file = "ruff-0.12.11-py3-none-musllinux_1_2_armv7l.whl", hash = "sha256:916fc5defee32dbc1fc1650b576a8fed68f5e8256e2180d4d9855aea43d6aab2"},
    {file = "ruff-0.12.11-py3-none-musllinux_1_2_i686.whl", hash = "sha256:c984f07d7adb42d3ded5be894fb4007f30f82c87559438b4879fe7aa08c62b39"},
    {file = "ruff-0.12.11-py3-none-musllinux_1_2_x86_64.whl", hash = "sha256:e07fbb89f2e9249f219d88331c833860489b49cdf4b032b8e4432e9b13e8a4b9"},
    {file = "ruff-0.12.11-py3-none-win32.whl", hash = "sha256:c792e8f597c9c756e9bcd4d87cf407a00b60af77078c96f7b6366ea2ce9ba9d3"},
    {file = "ruff-0.12.11-py3-none-win_amd64.whl", hash = "sha256:a3283325960307915b6deb3576b96919ee89432ebd9c48771ca12ee8afe4a0fd"},
    {file = "ruff-0.12.11-py3-none-win_arm64.whl", hash = "sha256:bae4d6e6a2676f8fb0f98b74594a048bae1b944aab17e9f5d504062303c6dbea"},
    {file = "ruff-0.12.11.tar.gz", hash = "sha256:c6b09ae8426a65bbee5425b9d0b82796dbb07cb1af045743c79bfb163001165d"},
]

[metadata]
lock-version = "2.1"
python-versions = ">=3.13"
content-hash = "859c9076904f197f73c05d25659bdbb73f4af68aa10ec9aad132d389a5478ae1"
